
Microsoft Visual Studio Solution File, Format Version 12.00
# Visual Studio 15
VisualStudioVersion = 15.0.26124.0
MinimumVisualStudioVersion = 15.0.26124.0
Project("{2150E333-8FDC-42A3-9474-1A3956D46DE8}") = "src", "src", "{E0772EFF-1A2A-466C-83C7-A81D93213336}"
EndProject
Project("{FAE04EC0-301F-11D3-BF4B-00C04F79EFBC}") = "Aura.UI", "src\Aura.UI\Aura.UI.csproj", "{13555933-042A-4236-B36E-5A974A81EE42}"
EndProject
Project("{2150E333-8FDC-42A3-9474-1A3956D46DE8}") = "Tests", "Tests", "{42648CDA-16AC-4D09-8480-CA6600A1CF6D}"
EndProject
Project("{FAE04EC0-301F-11D3-BF4B-00C04F79EFBC}") = "UI.Tests", "Tests\UI.Tests\UI.Tests.csproj", "{AEAA30F9-FA45-46CC-A3A5-FCD63D319B3C}"
EndProject
Project("{2150E333-8FDC-42A3-9474-1A3956D46DE8}") = "external", "external", "{042A0D3E-8F06-488D-BFD5-5F3B0BB8A219}"
EndProject
Project("{2150E333-8FDC-42A3-9474-1A3956D46DE8}") = "Jaya", "Jaya", "{CBBB55AA-A23E-4678-8CD5-208DC823A724}"
EndProject
Project("{2150E333-8FDC-42A3-9474-1A3956D46DE8}") = "src", "src", "{3A775C10-7A55-4ADF-82F6-AC6436BDB785}"
EndProject
Project("{FAE04EC0-301F-11D3-BF4B-00C04F79EFBC}") = "Jaya.Shared", "external\Jaya\src\Jaya.Shared\Jaya.Shared.csproj", "{4742A906-6C44-458D-85AA-C0D00007B0BC}"
EndProject
Global
	GlobalSection(SolutionConfigurationPlatforms) = preSolution
		Debug|Any CPU = Debug|Any CPU
		Debug|x64 = Debug|x64
		Debug|x86 = Debug|x86
		Release|Any CPU = Release|Any CPU
		Release|x64 = Release|x64
		Release|x86 = Release|x86
	EndGlobalSection
	GlobalSection(SolutionProperties) = preSolution
		HideSolutionNode = FALSE
	EndGlobalSection
	GlobalSection(ProjectConfigurationPlatforms) = postSolution
		{13555933-042A-4236-B36E-5A974A81EE42}.Debug|Any CPU.ActiveCfg = Debug|Any CPU
		{13555933-042A-4236-B36E-5A974A81EE42}.Debug|Any CPU.Build.0 = Debug|Any CPU
		{13555933-042A-4236-B36E-5A974A81EE42}.Debug|x64.ActiveCfg = Debug|Any CPU
		{13555933-042A-4236-B36E-5A974A81EE42}.Debug|x64.Build.0 = Debug|Any CPU
		{13555933-042A-4236-B36E-5A974A81EE42}.Debug|x86.ActiveCfg = Debug|Any CPU
		{13555933-042A-4236-B36E-5A974A81EE42}.Debug|x86.Build.0 = Debug|Any CPU
		{13555933-042A-4236-B36E-5A974A81EE42}.Release|Any CPU.ActiveCfg = Release|Any CPU
		{13555933-042A-4236-B36E-5A974A81EE42}.Release|Any CPU.Build.0 = Release|Any CPU
		{13555933-042A-4236-B36E-5A974A81EE42}.Release|x64.ActiveCfg = Release|Any CPU
		{13555933-042A-4236-B36E-5A974A81EE42}.Release|x64.Build.0 = Release|Any CPU
		{13555933-042A-4236-B36E-5A974A81EE42}.Release|x86.ActiveCfg = Release|Any CPU
		{13555933-042A-4236-B36E-5A974A81EE42}.Release|x86.Build.0 = Release|Any CPU
		{AEAA30F9-FA45-46CC-A3A5-FCD63D319B3C}.Debug|Any CPU.ActiveCfg = Debug|Any CPU
		{AEAA30F9-FA45-46CC-A3A5-FCD63D319B3C}.Debug|Any CPU.Build.0 = Debug|Any CPU
		{AEAA30F9-FA45-46CC-A3A5-FCD63D319B3C}.Debug|x64.ActiveCfg = Debug|Any CPU
		{AEAA30F9-FA45-46CC-A3A5-FCD63D319B3C}.Debug|x64.Build.0 = Debug|Any CPU
		{AEAA30F9-FA45-46CC-A3A5-FCD63D319B3C}.Debug|x86.ActiveCfg = Debug|Any CPU
		{AEAA30F9-FA45-46CC-A3A5-FCD63D319B3C}.Debug|x86.Build.0 = Debug|Any CPU
		{AEAA30F9-FA45-46CC-A3A5-FCD63D319B3C}.Release|Any CPU.ActiveCfg = Release|Any CPU
		{AEAA30F9-FA45-46CC-A3A5-FCD63D319B3C}.Release|Any CPU.Build.0 = Release|Any CPU
		{AEAA30F9-FA45-46CC-A3A5-FCD63D319B3C}.Release|x64.ActiveCfg = Release|Any CPU
		{AEAA30F9-FA45-46CC-A3A5-FCD63D319B3C}.Release|x64.Build.0 = Release|Any CPU
		{AEAA30F9-FA45-46CC-A3A5-FCD63D319B3C}.Release|x86.ActiveCfg = Release|Any CPU
		{AEAA30F9-FA45-46CC-A3A5-FCD63D319B3C}.Release|x86.Build.0 = Release|Any CPU
		{4742A906-6C44-458D-85AA-C0D00007B0BC}.Debug|Any CPU.ActiveCfg = Debug|Any CPU
		{4742A906-6C44-458D-85AA-C0D00007B0BC}.Debug|Any CPU.Build.0 = Debug|Any CPU
		{4742A906-6C44-458D-85AA-C0D00007B0BC}.Debug|x64.ActiveCfg = Debug|Any CPU
		{4742A906-6C44-458D-85AA-C0D00007B0BC}.Debug|x64.Build.0 = Debug|Any CPU
		{4742A906-6C44-458D-85AA-C0D00007B0BC}.Debug|x86.ActiveCfg = Debug|Any CPU
		{4742A906-6C44-458D-85AA-C0D00007B0BC}.Debug|x86.Build.0 = Debug|Any CPU
		{4742A906-6C44-458D-85AA-C0D00007B0BC}.Release|Any CPU.ActiveCfg = Release|Any CPU
		{4742A906-6C44-458D-85AA-C0D00007B0BC}.Release|Any CPU.Build.0 = Release|Any CPU
		{4742A906-6C44-458D-85AA-C0D00007B0BC}.Release|x64.ActiveCfg = Release|Any CPU
		{4742A906-6C44-458D-85AA-C0D00007B0BC}.Release|x64.Build.0 = Release|Any CPU
		{4742A906-6C44-458D-85AA-C0D00007B0BC}.Release|x86.ActiveCfg = Release|Any CPU
		{4742A906-6C44-458D-85AA-C0D00007B0BC}.Release|x86.Build.0 = Release|Any CPU
	EndGlobalSection
	GlobalSection(NestedProjects) = preSolution
		{13555933-042A-4236-B36E-5A974A81EE42} = {E0772EFF-1A2A-466C-83C7-A81D93213336}
		{AEAA30F9-FA45-46CC-A3A5-FCD63D319B3C} = {42648CDA-16AC-4D09-8480-CA6600A1CF6D}
		{CBBB55AA-A23E-4678-8CD5-208DC823A724} = {042A0D3E-8F06-488D-BFD5-5F3B0BB8A219}
		{3A775C10-7A55-4ADF-82F6-AC6436BDB785} = {CBBB55AA-A23E-4678-8CD5-208DC823A724}
		{4742A906-6C44-458D-85AA-C0D00007B0BC} = {3A775C10-7A55-4ADF-82F6-AC6436BDB785}
	EndGlobalSection
EndGlobal
