
Microsoft Visual Studio Solution File, Format Version 12.00
# Visual Studio Version 16
VisualStudioVersion = 16.0.30413.136
MinimumVisualStudioVersion = 15.0.26124.0
Project("{2150E333-8FDC-42A3-9474-1A3956D46DE8}") = "src", "src", "{E0772EFF-1A2A-466C-83C7-A81D93213336}"
EndProject
Project("{9A19103F-16F7-4668-BE54-9A1E7A4F7556}") = "Aura.UI", "src\Aura.UI\Aura.UI.csproj", "{13555933-042A-4236-B36E-5A974A81EE42}"
EndProject
Project("{2150E333-8FDC-42A3-9474-1A3956D46DE8}") = "Tests", "Tests", "{42648CDA-16AC-4D09-8480-CA6600A1CF6D}"
EndProject
Project("{9A19103F-16F7-4668-BE54-9A1E7A4F7556}") = "UI.Tests", "Tests\UI.Tests\UI.Tests.csproj", "{AEAA30F9-FA45-46CC-A3A5-FCD63D319B3C}"
EndProject
Project("{2150E333-8FDC-42A3-9474-1A3956D46DE8}") = "external", "external", "{7939BCED-2D7B-4404-8592-2FE251A040B1}"
EndProject
Project("{2150E333-8FDC-42A3-9474-1A3956D46DE8}") = "Solution Items", "Solution Items", "{0F84999C-70F6-4D29-A4A5-D2D25336C0CB}"
	ProjectSection(SolutionItems) = preProject
		.editorconfig = .editorconfig
	EndProjectSection
EndProject
Project("{9A19103F-16F7-4668-BE54-9A1E7A4F7556}") = "Aura.UI.Mobile", "src\Aura.UI.Mobile\Aura.UI.Mobile.csproj", "{5DBE2466-4308-4D94-9283-E6975320CD40}"
EndProject
Project("{9A19103F-16F7-4668-BE54-9A1E7A4F7556}") = "UI.Tests.Mobile", "Tests\UI.Tests.Mobile\UI.Tests.Mobile.csproj", "{1748D8FA-FB7F-4B4F-B1BA-049364CCEB33}"
EndProject
Project("{9A19103F-16F7-4668-BE54-9A1E7A4F7556}") = "UI.Tests.Mobile.NetCore", "Tests\UI.Tests.Mobile.NetCore\UI.Tests.Mobile.NetCore.csproj", "{FDDAC139-62DD-49B4-88BC-4B714B10926E}"
EndProject
Project("{FAE04EC0-301F-11D3-BF4B-00C04F79EFBC}") = "Aura.UI.Dragging", "src\Aura.UI.Dragging\Aura.UI.Dragging.csproj", "{7AC54D85-99E6-4A9B-A5B3-14D0A812805F}"
EndProject
Project("{FAE04EC0-301F-11D3-BF4B-00C04F79EFBC}") = "Aura.UI.Lighting", "src\Aura.UI.Lighting\Aura.UI.Lighting.csproj", "{D9A38989-6708-49BB-8E78-16A14199EC59}"
EndProject
Global
	GlobalSection(SolutionConfigurationPlatforms) = preSolution
		Debug|Any CPU = Debug|Any CPU
		Debug|ARM = Debug|ARM
		Debug|iPhone = Debug|iPhone
		Debug|iPhoneSimulator = Debug|iPhoneSimulator
		Debug|x64 = Debug|x64
		Debug|x86 = Debug|x86
		Release|Any CPU = Release|Any CPU
		Release|ARM = Release|ARM
		Release|iPhone = Release|iPhone
		Release|iPhoneSimulator = Release|iPhoneSimulator
		Release|x64 = Release|x64
		Release|x86 = Release|x86
	EndGlobalSection
	GlobalSection(ProjectConfigurationPlatforms) = postSolution
		{13555933-042A-4236-B36E-5A974A81EE42}.Debug|Any CPU.ActiveCfg = Debug|Any CPU
		{13555933-042A-4236-B36E-5A974A81EE42}.Debug|Any CPU.Build.0 = Debug|Any CPU
		{13555933-042A-4236-B36E-5A974A81EE42}.Debug|ARM.ActiveCfg = Debug|Any CPU
		{13555933-042A-4236-B36E-5A974A81EE42}.Debug|ARM.Build.0 = Debug|Any CPU
		{13555933-042A-4236-B36E-5A974A81EE42}.Debug|iPhone.ActiveCfg = Debug|Any CPU
		{13555933-042A-4236-B36E-5A974A81EE42}.Debug|iPhone.Build.0 = Debug|Any CPU
		{13555933-042A-4236-B36E-5A974A81EE42}.Debug|iPhoneSimulator.ActiveCfg = Debug|Any CPU
		{13555933-042A-4236-B36E-5A974A81EE42}.Debug|iPhoneSimulator.Build.0 = Debug|Any CPU
		{13555933-042A-4236-B36E-5A974A81EE42}.Debug|x64.ActiveCfg = Debug|Any CPU
		{13555933-042A-4236-B36E-5A974A81EE42}.Debug|x64.Build.0 = Debug|Any CPU
		{13555933-042A-4236-B36E-5A974A81EE42}.Debug|x86.ActiveCfg = Debug|Any CPU
		{13555933-042A-4236-B36E-5A974A81EE42}.Debug|x86.Build.0 = Debug|Any CPU
		{13555933-042A-4236-B36E-5A974A81EE42}.Release|Any CPU.ActiveCfg = Release|Any CPU
		{13555933-042A-4236-B36E-5A974A81EE42}.Release|Any CPU.Build.0 = Release|Any CPU
		{13555933-042A-4236-B36E-5A974A81EE42}.Release|ARM.ActiveCfg = Release|Any CPU
		{13555933-042A-4236-B36E-5A974A81EE42}.Release|ARM.Build.0 = Release|Any CPU
		{13555933-042A-4236-B36E-5A974A81EE42}.Release|iPhone.ActiveCfg = Release|Any CPU
		{13555933-042A-4236-B36E-5A974A81EE42}.Release|iPhone.Build.0 = Release|Any CPU
		{13555933-042A-4236-B36E-5A974A81EE42}.Release|iPhoneSimulator.ActiveCfg = Release|Any CPU
		{13555933-042A-4236-B36E-5A974A81EE42}.Release|iPhoneSimulator.Build.0 = Release|Any CPU
		{13555933-042A-4236-B36E-5A974A81EE42}.Release|x64.ActiveCfg = Release|Any CPU
		{13555933-042A-4236-B36E-5A974A81EE42}.Release|x64.Build.0 = Release|Any CPU
		{13555933-042A-4236-B36E-5A974A81EE42}.Release|x86.ActiveCfg = Release|Any CPU
		{13555933-042A-4236-B36E-5A974A81EE42}.Release|x86.Build.0 = Release|Any CPU
		{AEAA30F9-FA45-46CC-A3A5-FCD63D319B3C}.Debug|Any CPU.ActiveCfg = Debug|Any CPU
		{AEAA30F9-FA45-46CC-A3A5-FCD63D319B3C}.Debug|Any CPU.Build.0 = Debug|Any CPU
		{AEAA30F9-FA45-46CC-A3A5-FCD63D319B3C}.Debug|ARM.ActiveCfg = Debug|Any CPU
		{AEAA30F9-FA45-46CC-A3A5-FCD63D319B3C}.Debug|ARM.Build.0 = Debug|Any CPU
		{AEAA30F9-FA45-46CC-A3A5-FCD63D319B3C}.Debug|iPhone.ActiveCfg = Debug|Any CPU
		{AEAA30F9-FA45-46CC-A3A5-FCD63D319B3C}.Debug|iPhone.Build.0 = Debug|Any CPU
		{AEAA30F9-FA45-46CC-A3A5-FCD63D319B3C}.Debug|iPhoneSimulator.ActiveCfg = Debug|Any CPU
		{AEAA30F9-FA45-46CC-A3A5-FCD63D319B3C}.Debug|iPhoneSimulator.Build.0 = Debug|Any CPU
		{AEAA30F9-FA45-46CC-A3A5-FCD63D319B3C}.Debug|x64.ActiveCfg = Debug|Any CPU
		{AEAA30F9-FA45-46CC-A3A5-FCD63D319B3C}.Debug|x64.Build.0 = Debug|Any CPU
		{AEAA30F9-FA45-46CC-A3A5-FCD63D319B3C}.Debug|x86.ActiveCfg = Debug|Any CPU
		{AEAA30F9-FA45-46CC-A3A5-FCD63D319B3C}.Debug|x86.Build.0 = Debug|Any CPU
		{AEAA30F9-FA45-46CC-A3A5-FCD63D319B3C}.Release|Any CPU.ActiveCfg = Release|Any CPU
		{AEAA30F9-FA45-46CC-A3A5-FCD63D319B3C}.Release|Any CPU.Build.0 = Release|Any CPU
		{AEAA30F9-FA45-46CC-A3A5-FCD63D319B3C}.Release|ARM.ActiveCfg = Release|Any CPU
		{AEAA30F9-FA45-46CC-A3A5-FCD63D319B3C}.Release|ARM.Build.0 = Release|Any CPU
		{AEAA30F9-FA45-46CC-A3A5-FCD63D319B3C}.Release|iPhone.ActiveCfg = Release|Any CPU
		{AEAA30F9-FA45-46CC-A3A5-FCD63D319B3C}.Release|iPhone.Build.0 = Release|Any CPU
		{AEAA30F9-FA45-46CC-A3A5-FCD63D319B3C}.Release|iPhoneSimulator.ActiveCfg = Release|Any CPU
		{AEAA30F9-FA45-46CC-A3A5-FCD63D319B3C}.Release|iPhoneSimulator.Build.0 = Release|Any CPU
		{AEAA30F9-FA45-46CC-A3A5-FCD63D319B3C}.Release|x64.ActiveCfg = Release|Any CPU
		{AEAA30F9-FA45-46CC-A3A5-FCD63D319B3C}.Release|x64.Build.0 = Release|Any CPU
		{AEAA30F9-FA45-46CC-A3A5-FCD63D319B3C}.Release|x86.ActiveCfg = Release|Any CPU
		{AEAA30F9-FA45-46CC-A3A5-FCD63D319B3C}.Release|x86.Build.0 = Release|Any CPU
		{5DBE2466-4308-4D94-9283-E6975320CD40}.Debug|Any CPU.ActiveCfg = Debug|Any CPU
		{5DBE2466-4308-4D94-9283-E6975320CD40}.Debug|Any CPU.Build.0 = Debug|Any CPU
		{5DBE2466-4308-4D94-9283-E6975320CD40}.Debug|ARM.ActiveCfg = Debug|Any CPU
		{5DBE2466-4308-4D94-9283-E6975320CD40}.Debug|ARM.Build.0 = Debug|Any CPU
		{5DBE2466-4308-4D94-9283-E6975320CD40}.Debug|iPhone.ActiveCfg = Debug|Any CPU
		{5DBE2466-4308-4D94-9283-E6975320CD40}.Debug|iPhone.Build.0 = Debug|Any CPU
		{5DBE2466-4308-4D94-9283-E6975320CD40}.Debug|iPhoneSimulator.ActiveCfg = Debug|Any CPU
		{5DBE2466-4308-4D94-9283-E6975320CD40}.Debug|iPhoneSimulator.Build.0 = Debug|Any CPU
		{5DBE2466-4308-4D94-9283-E6975320CD40}.Debug|x64.ActiveCfg = Debug|Any CPU
		{5DBE2466-4308-4D94-9283-E6975320CD40}.Debug|x64.Build.0 = Debug|Any CPU
		{5DBE2466-4308-4D94-9283-E6975320CD40}.Debug|x86.ActiveCfg = Debug|Any CPU
		{5DBE2466-4308-4D94-9283-E6975320CD40}.Debug|x86.Build.0 = Debug|Any CPU
		{5DBE2466-4308-4D94-9283-E6975320CD40}.Release|Any CPU.ActiveCfg = Release|Any CPU
		{5DBE2466-4308-4D94-9283-E6975320CD40}.Release|Any CPU.Build.0 = Release|Any CPU
		{5DBE2466-4308-4D94-9283-E6975320CD40}.Release|ARM.ActiveCfg = Release|Any CPU
		{5DBE2466-4308-4D94-9283-E6975320CD40}.Release|ARM.Build.0 = Release|Any CPU
		{5DBE2466-4308-4D94-9283-E6975320CD40}.Release|iPhone.ActiveCfg = Release|Any CPU
		{5DBE2466-4308-4D94-9283-E6975320CD40}.Release|iPhone.Build.0 = Release|Any CPU
		{5DBE2466-4308-4D94-9283-E6975320CD40}.Release|iPhoneSimulator.ActiveCfg = Release|Any CPU
		{5DBE2466-4308-4D94-9283-E6975320CD40}.Release|iPhoneSimulator.Build.0 = Release|Any CPU
		{5DBE2466-4308-4D94-9283-E6975320CD40}.Release|x64.ActiveCfg = Release|Any CPU
		{5DBE2466-4308-4D94-9283-E6975320CD40}.Release|x64.Build.0 = Release|Any CPU
		{5DBE2466-4308-4D94-9283-E6975320CD40}.Release|x86.ActiveCfg = Release|Any CPU
		{5DBE2466-4308-4D94-9283-E6975320CD40}.Release|x86.Build.0 = Release|Any CPU
		{1748D8FA-FB7F-4B4F-B1BA-049364CCEB33}.Debug|Any CPU.ActiveCfg = Debug|Any CPU
		{1748D8FA-FB7F-4B4F-B1BA-049364CCEB33}.Debug|Any CPU.Build.0 = Debug|Any CPU
		{1748D8FA-FB7F-4B4F-B1BA-049364CCEB33}.Debug|ARM.ActiveCfg = Debug|Any CPU
		{1748D8FA-FB7F-4B4F-B1BA-049364CCEB33}.Debug|ARM.Build.0 = Debug|Any CPU
		{1748D8FA-FB7F-4B4F-B1BA-049364CCEB33}.Debug|iPhone.ActiveCfg = Debug|Any CPU
		{1748D8FA-FB7F-4B4F-B1BA-049364CCEB33}.Debug|iPhone.Build.0 = Debug|Any CPU
		{1748D8FA-FB7F-4B4F-B1BA-049364CCEB33}.Debug|iPhoneSimulator.ActiveCfg = Debug|Any CPU
		{1748D8FA-FB7F-4B4F-B1BA-049364CCEB33}.Debug|iPhoneSimulator.Build.0 = Debug|Any CPU
		{1748D8FA-FB7F-4B4F-B1BA-049364CCEB33}.Debug|x64.ActiveCfg = Debug|Any CPU
		{1748D8FA-FB7F-4B4F-B1BA-049364CCEB33}.Debug|x64.Build.0 = Debug|Any CPU
		{1748D8FA-FB7F-4B4F-B1BA-049364CCEB33}.Debug|x86.ActiveCfg = Debug|Any CPU
		{1748D8FA-FB7F-4B4F-B1BA-049364CCEB33}.Debug|x86.Build.0 = Debug|Any CPU
		{1748D8FA-FB7F-4B4F-B1BA-049364CCEB33}.Release|Any CPU.ActiveCfg = Release|Any CPU
		{1748D8FA-FB7F-4B4F-B1BA-049364CCEB33}.Release|Any CPU.Build.0 = Release|Any CPU
		{1748D8FA-FB7F-4B4F-B1BA-049364CCEB33}.Release|ARM.ActiveCfg = Release|Any CPU
		{1748D8FA-FB7F-4B4F-B1BA-049364CCEB33}.Release|ARM.Build.0 = Release|Any CPU
		{1748D8FA-FB7F-4B4F-B1BA-049364CCEB33}.Release|iPhone.ActiveCfg = Release|Any CPU
		{1748D8FA-FB7F-4B4F-B1BA-049364CCEB33}.Release|iPhone.Build.0 = Release|Any CPU
		{1748D8FA-FB7F-4B4F-B1BA-049364CCEB33}.Release|iPhoneSimulator.ActiveCfg = Release|Any CPU
		{1748D8FA-FB7F-4B4F-B1BA-049364CCEB33}.Release|iPhoneSimulator.Build.0 = Release|Any CPU
		{1748D8FA-FB7F-4B4F-B1BA-049364CCEB33}.Release|x64.ActiveCfg = Release|Any CPU
		{1748D8FA-FB7F-4B4F-B1BA-049364CCEB33}.Release|x64.Build.0 = Release|Any CPU
		{1748D8FA-FB7F-4B4F-B1BA-049364CCEB33}.Release|x86.ActiveCfg = Release|Any CPU
		{1748D8FA-FB7F-4B4F-B1BA-049364CCEB33}.Release|x86.Build.0 = Release|Any CPU
		{FDDAC139-62DD-49B4-88BC-4B714B10926E}.Debug|Any CPU.ActiveCfg = Debug|Any CPU
		{FDDAC139-62DD-49B4-88BC-4B714B10926E}.Debug|Any CPU.Build.0 = Debug|Any CPU
		{FDDAC139-62DD-49B4-88BC-4B714B10926E}.Debug|ARM.ActiveCfg = Debug|Any CPU
		{FDDAC139-62DD-49B4-88BC-4B714B10926E}.Debug|ARM.Build.0 = Debug|Any CPU
		{FDDAC139-62DD-49B4-88BC-4B714B10926E}.Debug|iPhone.ActiveCfg = Debug|Any CPU
		{FDDAC139-62DD-49B4-88BC-4B714B10926E}.Debug|iPhone.Build.0 = Debug|Any CPU
		{FDDAC139-62DD-49B4-88BC-4B714B10926E}.Debug|iPhoneSimulator.ActiveCfg = Debug|Any CPU
		{FDDAC139-62DD-49B4-88BC-4B714B10926E}.Debug|iPhoneSimulator.Build.0 = Debug|Any CPU
		{FDDAC139-62DD-49B4-88BC-4B714B10926E}.Debug|x64.ActiveCfg = Debug|Any CPU
		{FDDAC139-62DD-49B4-88BC-4B714B10926E}.Debug|x64.Build.0 = Debug|Any CPU
		{FDDAC139-62DD-49B4-88BC-4B714B10926E}.Debug|x86.ActiveCfg = Debug|Any CPU
		{FDDAC139-62DD-49B4-88BC-4B714B10926E}.Debug|x86.Build.0 = Debug|Any CPU
		{FDDAC139-62DD-49B4-88BC-4B714B10926E}.Release|Any CPU.ActiveCfg = Release|Any CPU
		{FDDAC139-62DD-49B4-88BC-4B714B10926E}.Release|Any CPU.Build.0 = Release|Any CPU
		{FDDAC139-62DD-49B4-88BC-4B714B10926E}.Release|ARM.ActiveCfg = Release|Any CPU
		{FDDAC139-62DD-49B4-88BC-4B714B10926E}.Release|ARM.Build.0 = Release|Any CPU
		{FDDAC139-62DD-49B4-88BC-4B714B10926E}.Release|iPhone.ActiveCfg = Release|Any CPU
		{FDDAC139-62DD-49B4-88BC-4B714B10926E}.Release|iPhone.Build.0 = Release|Any CPU
		{FDDAC139-62DD-49B4-88BC-4B714B10926E}.Release|iPhoneSimulator.ActiveCfg = Release|Any CPU
		{FDDAC139-62DD-49B4-88BC-4B714B10926E}.Release|iPhoneSimulator.Build.0 = Release|Any CPU
		{FDDAC139-62DD-49B4-88BC-4B714B10926E}.Release|x64.ActiveCfg = Release|Any CPU
		{FDDAC139-62DD-49B4-88BC-4B714B10926E}.Release|x64.Build.0 = Release|Any CPU
		{FDDAC139-62DD-49B4-88BC-4B714B10926E}.Release|x86.ActiveCfg = Release|Any CPU
		{FDDAC139-62DD-49B4-88BC-4B714B10926E}.Release|x86.Build.0 = Release|Any CPU
		{7AC54D85-99E6-4A9B-A5B3-14D0A812805F}.Debug|Any CPU.ActiveCfg = Debug|Any CPU
		{7AC54D85-99E6-4A9B-A5B3-14D0A812805F}.Debug|Any CPU.Build.0 = Debug|Any CPU
		{7AC54D85-99E6-4A9B-A5B3-14D0A812805F}.Debug|ARM.ActiveCfg = Debug|Any CPU
		{7AC54D85-99E6-4A9B-A5B3-14D0A812805F}.Debug|ARM.Build.0 = Debug|Any CPU
		{7AC54D85-99E6-4A9B-A5B3-14D0A812805F}.Debug|iPhone.ActiveCfg = Debug|Any CPU
		{7AC54D85-99E6-4A9B-A5B3-14D0A812805F}.Debug|iPhone.Build.0 = Debug|Any CPU
		{7AC54D85-99E6-4A9B-A5B3-14D0A812805F}.Debug|iPhoneSimulator.ActiveCfg = Debug|Any CPU
		{7AC54D85-99E6-4A9B-A5B3-14D0A812805F}.Debug|iPhoneSimulator.Build.0 = Debug|Any CPU
		{7AC54D85-99E6-4A9B-A5B3-14D0A812805F}.Debug|x64.ActiveCfg = Debug|Any CPU
		{7AC54D85-99E6-4A9B-A5B3-14D0A812805F}.Debug|x64.Build.0 = Debug|Any CPU
		{7AC54D85-99E6-4A9B-A5B3-14D0A812805F}.Debug|x86.ActiveCfg = Debug|Any CPU
		{7AC54D85-99E6-4A9B-A5B3-14D0A812805F}.Debug|x86.Build.0 = Debug|Any CPU
		{7AC54D85-99E6-4A9B-A5B3-14D0A812805F}.Release|Any CPU.ActiveCfg = Release|Any CPU
		{7AC54D85-99E6-4A9B-A5B3-14D0A812805F}.Release|Any CPU.Build.0 = Release|Any CPU
		{7AC54D85-99E6-4A9B-A5B3-14D0A812805F}.Release|ARM.ActiveCfg = Release|Any CPU
		{7AC54D85-99E6-4A9B-A5B3-14D0A812805F}.Release|ARM.Build.0 = Release|Any CPU
		{7AC54D85-99E6-4A9B-A5B3-14D0A812805F}.Release|iPhone.ActiveCfg = Release|Any CPU
		{7AC54D85-99E6-4A9B-A5B3-14D0A812805F}.Release|iPhone.Build.0 = Release|Any CPU
		{7AC54D85-99E6-4A9B-A5B3-14D0A812805F}.Release|iPhoneSimulator.ActiveCfg = Release|Any CPU
		{7AC54D85-99E6-4A9B-A5B3-14D0A812805F}.Release|iPhoneSimulator.Build.0 = Release|Any CPU
		{7AC54D85-99E6-4A9B-A5B3-14D0A812805F}.Release|x64.ActiveCfg = Release|Any CPU
		{7AC54D85-99E6-4A9B-A5B3-14D0A812805F}.Release|x64.Build.0 = Release|Any CPU
		{7AC54D85-99E6-4A9B-A5B3-14D0A812805F}.Release|x86.ActiveCfg = Release|Any CPU
		{7AC54D85-99E6-4A9B-A5B3-14D0A812805F}.Release|x86.Build.0 = Release|Any CPU
		{D9A38989-6708-49BB-8E78-16A14199EC59}.Debug|Any CPU.ActiveCfg = Debug|Any CPU
		{D9A38989-6708-49BB-8E78-16A14199EC59}.Debug|Any CPU.Build.0 = Debug|Any CPU
		{D9A38989-6708-49BB-8E78-16A14199EC59}.Debug|ARM.ActiveCfg = Debug|Any CPU
		{D9A38989-6708-49BB-8E78-16A14199EC59}.Debug|ARM.Build.0 = Debug|Any CPU
		{D9A38989-6708-49BB-8E78-16A14199EC59}.Debug|iPhone.ActiveCfg = Debug|Any CPU
		{D9A38989-6708-49BB-8E78-16A14199EC59}.Debug|iPhone.Build.0 = Debug|Any CPU
		{D9A38989-6708-49BB-8E78-16A14199EC59}.Debug|iPhoneSimulator.ActiveCfg = Debug|Any CPU
		{D9A38989-6708-49BB-8E78-16A14199EC59}.Debug|iPhoneSimulator.Build.0 = Debug|Any CPU
		{D9A38989-6708-49BB-8E78-16A14199EC59}.Debug|x64.ActiveCfg = Debug|Any CPU
		{D9A38989-6708-49BB-8E78-16A14199EC59}.Debug|x64.Build.0 = Debug|Any CPU
		{D9A38989-6708-49BB-8E78-16A14199EC59}.Debug|x86.ActiveCfg = Debug|Any CPU
		{D9A38989-6708-49BB-8E78-16A14199EC59}.Debug|x86.Build.0 = Debug|Any CPU
		{D9A38989-6708-49BB-8E78-16A14199EC59}.Release|Any CPU.ActiveCfg = Release|Any CPU
		{D9A38989-6708-49BB-8E78-16A14199EC59}.Release|Any CPU.Build.0 = Release|Any CPU
		{D9A38989-6708-49BB-8E78-16A14199EC59}.Release|ARM.ActiveCfg = Release|Any CPU
		{D9A38989-6708-49BB-8E78-16A14199EC59}.Release|ARM.Build.0 = Release|Any CPU
		{D9A38989-6708-49BB-8E78-16A14199EC59}.Release|iPhone.ActiveCfg = Release|Any CPU
		{D9A38989-6708-49BB-8E78-16A14199EC59}.Release|iPhone.Build.0 = Release|Any CPU
		{D9A38989-6708-49BB-8E78-16A14199EC59}.Release|iPhoneSimulator.ActiveCfg = Release|Any CPU
		{D9A38989-6708-49BB-8E78-16A14199EC59}.Release|iPhoneSimulator.Build.0 = Release|Any CPU
		{D9A38989-6708-49BB-8E78-16A14199EC59}.Release|x64.ActiveCfg = Release|Any CPU
		{D9A38989-6708-49BB-8E78-16A14199EC59}.Release|x64.Build.0 = Release|Any CPU
		{D9A38989-6708-49BB-8E78-16A14199EC59}.Release|x86.ActiveCfg = Release|Any CPU
		{D9A38989-6708-49BB-8E78-16A14199EC59}.Release|x86.Build.0 = Release|Any CPU
	EndGlobalSection
	GlobalSection(SolutionProperties) = preSolution
		HideSolutionNode = FALSE
	EndGlobalSection
	GlobalSection(NestedProjects) = preSolution
		{13555933-042A-4236-B36E-5A974A81EE42} = {E0772EFF-1A2A-466C-83C7-A81D93213336}
		{AEAA30F9-FA45-46CC-A3A5-FCD63D319B3C} = {42648CDA-16AC-4D09-8480-CA6600A1CF6D}
		{5DBE2466-4308-4D94-9283-E6975320CD40} = {E0772EFF-1A2A-466C-83C7-A81D93213336}
		{1748D8FA-FB7F-4B4F-B1BA-049364CCEB33} = {42648CDA-16AC-4D09-8480-CA6600A1CF6D}
		{FDDAC139-62DD-49B4-88BC-4B714B10926E} = {42648CDA-16AC-4D09-8480-CA6600A1CF6D}
		{7AC54D85-99E6-4A9B-A5B3-14D0A812805F} = {E0772EFF-1A2A-466C-83C7-A81D93213336}
		{D9A38989-6708-49BB-8E78-16A14199EC59} = {E0772EFF-1A2A-466C-83C7-A81D93213336}
	EndGlobalSection
	GlobalSection(ExtensibilityGlobals) = postSolution
		SolutionGuid = {B04BDC4F-181C-461F-BB14-4E7516DB6B4A}
	EndGlobalSection
EndGlobal
