
Microsoft Visual Studio Solution File, Format Version 12.00
# Visual Studio Version 17
VisualStudioVersion = 17.0.31919.166
MinimumVisualStudioVersion = 15.0.26124.0
Project("{2150E333-8FDC-42A3-9474-1A3956D46DE8}") = "src", "src", "{E0772EFF-1A2A-466C-83C7-A81D93213336}"
EndProject
Project("{9A19103F-16F7-4668-BE54-9A1E7A4F7556}") = "Aura.UI", "src\Aura.UI\Aura.UI.csproj", "{13555933-042A-4236-B36E-5A974A81EE42}"
EndProject
Project("{2150E333-8FDC-42A3-9474-1A3956D46DE8}") = "Tests", "Tests", "{42648CDA-16AC-4D09-8480-CA6600A1CF6D}"
EndProject
Project("{2150E333-8FDC-42A3-9474-1A3956D46DE8}") = "Solution Items", "Solution Items", "{0F84999C-70F6-4D29-A4A5-D2D25336C0CB}"
	ProjectSection(SolutionItems) = preProject
		.editorconfig = .editorconfig
	EndProjectSection
EndProject
Project("{2150E333-8FDC-42A3-9474-1A3956D46DE8}") = "samples", "samples", "{3AF1E581-2ACF-4F42-BC10-12BACF221499}"
EndProject
Project("{2150E333-8FDC-42A3-9474-1A3956D46DE8}") = "build", "build", "{49979C88-3FF5-4FC9-99D7-E1BCB0F9D23A}"
	ProjectSection(SolutionItems) = preProject
		build\version.props = build\version.props
	EndProjectSection
EndProject
Project("{9A19103F-16F7-4668-BE54-9A1E7A4F7556}") = "Aura.UI.Gallery", "samples\Aura.UI.Gallery\Aura.UI.Gallery.csproj", "{1426BB67-00C8-4438-866F-B8F8F1F017E8}"
EndProject
Project("{2150E333-8FDC-42A3-9474-1A3956D46DE8}") = "snippets", "snippets", "{0CC59F23-101A-4E16-8E44-F6F0A3FFF6A5}"
	ProjectSection(SolutionItems) = preProject
		DirectPropertySnippet.snippet = DirectPropertySnippet.snippet
		StyledPropertySnippet.snippet = StyledPropertySnippet.snippet
	EndProjectSection
EndProject
Project("{9A19103F-16F7-4668-BE54-9A1E7A4F7556}") = "Aura.UI.FluentTheme", "src\Aura.UI.FluentTheme\Aura.UI.FluentTheme.csproj", "{AE82DFE7-FEE5-4A06-B195-95E7E2579306}"
EndProject
Project("{9A19103F-16F7-4668-BE54-9A1E7A4F7556}") = "MathsForUI.Test", "Tests\MathsForUI.Test\MathsForUI.Test.csproj", "{6082C42D-7828-4771-86EA-F7DC9623B401}"
EndProject
Project("{9A19103F-16F7-4668-BE54-9A1E7A4F7556}") = "MiniSample", "samples\MiniSample\MiniSample.csproj", "{CFE5CF74-CA5A-4DF0-ACC4-2F80F2F676A4}"
EndProject
Project("{2150E333-8FDC-42A3-9474-1A3956D46DE8}") = "MVVMSamples", "MVVMSamples", "{9B4AF7D2-605C-4E69-901C-CF706E417951}"
EndProject
Project("{9A19103F-16F7-4668-BE54-9A1E7A4F7556}") = "AuraTabViewMVVMSample", "MVVMSamples\AuraTabViewMVVMSample\AuraTabViewMVVMSample.csproj", "{256CA0FF-8EE2-4774-8222-F9C922D04A75}"
EndProject
Project("{9A19103F-16F7-4668-BE54-9A1E7A4F7556}") = "NavigationViewMVVMSample", "MVVMSamples\NavigationViewMVVMSample\NavigationViewMVVMSample.csproj", "{CBBB0D12-B6FF-4BBB-BCEF-25607041482B}"
EndProject
Project("{9A19103F-16F7-4668-BE54-9A1E7A4F7556}") = "Aura.UI.Gallery.NetCore", "samples\Aura.UI.Gallery.NetCore\Aura.UI.Gallery.NetCore.csproj", "{37F9F8D6-E8E8-4C41-8A84-A042A5AA4C67}"
EndProject
Project("{9A19103F-16F7-4668-BE54-9A1E7A4F7556}") = "Aura.UI.Gallery.Web", "samples\Aura.UI.Gallery.Web\Aura.UI.Gallery.Web.csproj", "{E7ADBCED-FBED-4C95-B185-8002277B6690}"
EndProject
Global
	GlobalSection(SolutionConfigurationPlatforms) = preSolution
		Debug|Any CPU = Debug|Any CPU
		Debug|ARM = Debug|ARM
		Debug|iPhone = Debug|iPhone
		Debug|iPhoneSimulator = Debug|iPhoneSimulator
		Debug|x64 = Debug|x64
		Debug|x86 = Debug|x86
		Release|Any CPU = Release|Any CPU
		Release|ARM = Release|ARM
		Release|iPhone = Release|iPhone
		Release|iPhoneSimulator = Release|iPhoneSimulator
		Release|x64 = Release|x64
		Release|x86 = Release|x86
	EndGlobalSection
	GlobalSection(ProjectConfigurationPlatforms) = postSolution
		{13555933-042A-4236-B36E-5A974A81EE42}.Debug|Any CPU.ActiveCfg = Debug|Any CPU
		{13555933-042A-4236-B36E-5A974A81EE42}.Debug|Any CPU.Build.0 = Debug|Any CPU
		{13555933-042A-4236-B36E-5A974A81EE42}.Debug|ARM.ActiveCfg = Debug|Any CPU
		{13555933-042A-4236-B36E-5A974A81EE42}.Debug|ARM.Build.0 = Debug|Any CPU
		{13555933-042A-4236-B36E-5A974A81EE42}.Debug|iPhone.ActiveCfg = Debug|Any CPU
		{13555933-042A-4236-B36E-5A974A81EE42}.Debug|iPhone.Build.0 = Debug|Any CPU
		{13555933-042A-4236-B36E-5A974A81EE42}.Debug|iPhoneSimulator.ActiveCfg = Debug|Any CPU
		{13555933-042A-4236-B36E-5A974A81EE42}.Debug|iPhoneSimulator.Build.0 = Debug|Any CPU
		{13555933-042A-4236-B36E-5A974A81EE42}.Debug|x64.ActiveCfg = Debug|Any CPU
		{13555933-042A-4236-B36E-5A974A81EE42}.Debug|x64.Build.0 = Debug|Any CPU
		{13555933-042A-4236-B36E-5A974A81EE42}.Debug|x86.ActiveCfg = Debug|Any CPU
		{13555933-042A-4236-B36E-5A974A81EE42}.Debug|x86.Build.0 = Debug|Any CPU
		{13555933-042A-4236-B36E-5A974A81EE42}.Release|Any CPU.ActiveCfg = Release|Any CPU
		{13555933-042A-4236-B36E-5A974A81EE42}.Release|Any CPU.Build.0 = Release|Any CPU
		{13555933-042A-4236-B36E-5A974A81EE42}.Release|ARM.ActiveCfg = Release|Any CPU
		{13555933-042A-4236-B36E-5A974A81EE42}.Release|ARM.Build.0 = Release|Any CPU
		{13555933-042A-4236-B36E-5A974A81EE42}.Release|iPhone.ActiveCfg = Release|Any CPU
		{13555933-042A-4236-B36E-5A974A81EE42}.Release|iPhone.Build.0 = Release|Any CPU
		{13555933-042A-4236-B36E-5A974A81EE42}.Release|iPhoneSimulator.ActiveCfg = Release|Any CPU
		{13555933-042A-4236-B36E-5A974A81EE42}.Release|iPhoneSimulator.Build.0 = Release|Any CPU
		{13555933-042A-4236-B36E-5A974A81EE42}.Release|x64.ActiveCfg = Release|Any CPU
		{13555933-042A-4236-B36E-5A974A81EE42}.Release|x64.Build.0 = Release|Any CPU
		{13555933-042A-4236-B36E-5A974A81EE42}.Release|x86.ActiveCfg = Release|Any CPU
		{13555933-042A-4236-B36E-5A974A81EE42}.Release|x86.Build.0 = Release|Any CPU
		{1426BB67-00C8-4438-866F-B8F8F1F017E8}.Debug|Any CPU.ActiveCfg = Debug|Any CPU
		{1426BB67-00C8-4438-866F-B8F8F1F017E8}.Debug|Any CPU.Build.0 = Debug|Any CPU
		{1426BB67-00C8-4438-866F-B8F8F1F017E8}.Debug|ARM.ActiveCfg = Debug|Any CPU
		{1426BB67-00C8-4438-866F-B8F8F1F017E8}.Debug|ARM.Build.0 = Debug|Any CPU
		{1426BB67-00C8-4438-866F-B8F8F1F017E8}.Debug|iPhone.ActiveCfg = Debug|Any CPU
		{1426BB67-00C8-4438-866F-B8F8F1F017E8}.Debug|iPhone.Build.0 = Debug|Any CPU
		{1426BB67-00C8-4438-866F-B8F8F1F017E8}.Debug|iPhoneSimulator.ActiveCfg = Debug|Any CPU
		{1426BB67-00C8-4438-866F-B8F8F1F017E8}.Debug|iPhoneSimulator.Build.0 = Debug|Any CPU
		{1426BB67-00C8-4438-866F-B8F8F1F017E8}.Debug|x64.ActiveCfg = Debug|Any CPU
		{1426BB67-00C8-4438-866F-B8F8F1F017E8}.Debug|x64.Build.0 = Debug|Any CPU
		{1426BB67-00C8-4438-866F-B8F8F1F017E8}.Debug|x86.ActiveCfg = Debug|Any CPU
		{1426BB67-00C8-4438-866F-B8F8F1F017E8}.Debug|x86.Build.0 = Debug|Any CPU
		{1426BB67-00C8-4438-866F-B8F8F1F017E8}.Release|Any CPU.ActiveCfg = Release|Any CPU
		{1426BB67-00C8-4438-866F-B8F8F1F017E8}.Release|Any CPU.Build.0 = Release|Any CPU
		{1426BB67-00C8-4438-866F-B8F8F1F017E8}.Release|ARM.ActiveCfg = Release|Any CPU
		{1426BB67-00C8-4438-866F-B8F8F1F017E8}.Release|ARM.Build.0 = Release|Any CPU
		{1426BB67-00C8-4438-866F-B8F8F1F017E8}.Release|iPhone.ActiveCfg = Release|Any CPU
		{1426BB67-00C8-4438-866F-B8F8F1F017E8}.Release|iPhone.Build.0 = Release|Any CPU
		{1426BB67-00C8-4438-866F-B8F8F1F017E8}.Release|iPhoneSimulator.ActiveCfg = Release|Any CPU
		{1426BB67-00C8-4438-866F-B8F8F1F017E8}.Release|iPhoneSimulator.Build.0 = Release|Any CPU
		{1426BB67-00C8-4438-866F-B8F8F1F017E8}.Release|x64.ActiveCfg = Release|Any CPU
		{1426BB67-00C8-4438-866F-B8F8F1F017E8}.Release|x64.Build.0 = Release|Any CPU
		{1426BB67-00C8-4438-866F-B8F8F1F017E8}.Release|x86.ActiveCfg = Release|Any CPU
		{1426BB67-00C8-4438-866F-B8F8F1F017E8}.Release|x86.Build.0 = Release|Any CPU
		{AE82DFE7-FEE5-4A06-B195-95E7E2579306}.Debug|Any CPU.ActiveCfg = Debug|Any CPU
		{AE82DFE7-FEE5-4A06-B195-95E7E2579306}.Debug|Any CPU.Build.0 = Debug|Any CPU
		{AE82DFE7-FEE5-4A06-B195-95E7E2579306}.Debug|ARM.ActiveCfg = Debug|Any CPU
		{AE82DFE7-FEE5-4A06-B195-95E7E2579306}.Debug|ARM.Build.0 = Debug|Any CPU
		{AE82DFE7-FEE5-4A06-B195-95E7E2579306}.Debug|iPhone.ActiveCfg = Debug|Any CPU
		{AE82DFE7-FEE5-4A06-B195-95E7E2579306}.Debug|iPhone.Build.0 = Debug|Any CPU
		{AE82DFE7-FEE5-4A06-B195-95E7E2579306}.Debug|iPhoneSimulator.ActiveCfg = Debug|Any CPU
		{AE82DFE7-FEE5-4A06-B195-95E7E2579306}.Debug|iPhoneSimulator.Build.0 = Debug|Any CPU
		{AE82DFE7-FEE5-4A06-B195-95E7E2579306}.Debug|x64.ActiveCfg = Debug|Any CPU
		{AE82DFE7-FEE5-4A06-B195-95E7E2579306}.Debug|x64.Build.0 = Debug|Any CPU
		{AE82DFE7-FEE5-4A06-B195-95E7E2579306}.Debug|x86.ActiveCfg = Debug|Any CPU
		{AE82DFE7-FEE5-4A06-B195-95E7E2579306}.Debug|x86.Build.0 = Debug|Any CPU
		{AE82DFE7-FEE5-4A06-B195-95E7E2579306}.Release|Any CPU.ActiveCfg = Release|Any CPU
		{AE82DFE7-FEE5-4A06-B195-95E7E2579306}.Release|Any CPU.Build.0 = Release|Any CPU
		{AE82DFE7-FEE5-4A06-B195-95E7E2579306}.Release|ARM.ActiveCfg = Release|Any CPU
		{AE82DFE7-FEE5-4A06-B195-95E7E2579306}.Release|ARM.Build.0 = Release|Any CPU
		{AE82DFE7-FEE5-4A06-B195-95E7E2579306}.Release|iPhone.ActiveCfg = Release|Any CPU
		{AE82DFE7-FEE5-4A06-B195-95E7E2579306}.Release|iPhone.Build.0 = Release|Any CPU
		{AE82DFE7-FEE5-4A06-B195-95E7E2579306}.Release|iPhoneSimulator.ActiveCfg = Release|Any CPU
		{AE82DFE7-FEE5-4A06-B195-95E7E2579306}.Release|iPhoneSimulator.Build.0 = Release|Any CPU
		{AE82DFE7-FEE5-4A06-B195-95E7E2579306}.Release|x64.ActiveCfg = Release|Any CPU
		{AE82DFE7-FEE5-4A06-B195-95E7E2579306}.Release|x64.Build.0 = Release|Any CPU
		{AE82DFE7-FEE5-4A06-B195-95E7E2579306}.Release|x86.ActiveCfg = Release|Any CPU
		{AE82DFE7-FEE5-4A06-B195-95E7E2579306}.Release|x86.Build.0 = Release|Any CPU
		{6082C42D-7828-4771-86EA-F7DC9623B401}.Debug|Any CPU.ActiveCfg = Debug|Any CPU
		{6082C42D-7828-4771-86EA-F7DC9623B401}.Debug|Any CPU.Build.0 = Debug|Any CPU
		{6082C42D-7828-4771-86EA-F7DC9623B401}.Debug|ARM.ActiveCfg = Debug|Any CPU
		{6082C42D-7828-4771-86EA-F7DC9623B401}.Debug|ARM.Build.0 = Debug|Any CPU
		{6082C42D-7828-4771-86EA-F7DC9623B401}.Debug|iPhone.ActiveCfg = Debug|Any CPU
		{6082C42D-7828-4771-86EA-F7DC9623B401}.Debug|iPhone.Build.0 = Debug|Any CPU
		{6082C42D-7828-4771-86EA-F7DC9623B401}.Debug|iPhoneSimulator.ActiveCfg = Debug|Any CPU
		{6082C42D-7828-4771-86EA-F7DC9623B401}.Debug|iPhoneSimulator.Build.0 = Debug|Any CPU
		{6082C42D-7828-4771-86EA-F7DC9623B401}.Debug|x64.ActiveCfg = Debug|Any CPU
		{6082C42D-7828-4771-86EA-F7DC9623B401}.Debug|x64.Build.0 = Debug|Any CPU
		{6082C42D-7828-4771-86EA-F7DC9623B401}.Debug|x86.ActiveCfg = Debug|Any CPU
		{6082C42D-7828-4771-86EA-F7DC9623B401}.Debug|x86.Build.0 = Debug|Any CPU
		{6082C42D-7828-4771-86EA-F7DC9623B401}.Release|Any CPU.ActiveCfg = Release|Any CPU
		{6082C42D-7828-4771-86EA-F7DC9623B401}.Release|Any CPU.Build.0 = Release|Any CPU
		{6082C42D-7828-4771-86EA-F7DC9623B401}.Release|ARM.ActiveCfg = Release|Any CPU
		{6082C42D-7828-4771-86EA-F7DC9623B401}.Release|ARM.Build.0 = Release|Any CPU
		{6082C42D-7828-4771-86EA-F7DC9623B401}.Release|iPhone.ActiveCfg = Release|Any CPU
		{6082C42D-7828-4771-86EA-F7DC9623B401}.Release|iPhone.Build.0 = Release|Any CPU
		{6082C42D-7828-4771-86EA-F7DC9623B401}.Release|iPhoneSimulator.ActiveCfg = Release|Any CPU
		{6082C42D-7828-4771-86EA-F7DC9623B401}.Release|iPhoneSimulator.Build.0 = Release|Any CPU
		{6082C42D-7828-4771-86EA-F7DC9623B401}.Release|x64.ActiveCfg = Release|Any CPU
		{6082C42D-7828-4771-86EA-F7DC9623B401}.Release|x64.Build.0 = Release|Any CPU
		{6082C42D-7828-4771-86EA-F7DC9623B401}.Release|x86.ActiveCfg = Release|Any CPU
		{6082C42D-7828-4771-86EA-F7DC9623B401}.Release|x86.Build.0 = Release|Any CPU
		{CFE5CF74-CA5A-4DF0-ACC4-2F80F2F676A4}.Debug|Any CPU.ActiveCfg = Debug|Any CPU
		{CFE5CF74-CA5A-4DF0-ACC4-2F80F2F676A4}.Debug|Any CPU.Build.0 = Debug|Any CPU
		{CFE5CF74-CA5A-4DF0-ACC4-2F80F2F676A4}.Debug|ARM.ActiveCfg = Debug|Any CPU
		{CFE5CF74-CA5A-4DF0-ACC4-2F80F2F676A4}.Debug|ARM.Build.0 = Debug|Any CPU
		{CFE5CF74-CA5A-4DF0-ACC4-2F80F2F676A4}.Debug|iPhone.ActiveCfg = Debug|Any CPU
		{CFE5CF74-CA5A-4DF0-ACC4-2F80F2F676A4}.Debug|iPhone.Build.0 = Debug|Any CPU
		{CFE5CF74-CA5A-4DF0-ACC4-2F80F2F676A4}.Debug|iPhoneSimulator.ActiveCfg = Debug|Any CPU
		{CFE5CF74-CA5A-4DF0-ACC4-2F80F2F676A4}.Debug|iPhoneSimulator.Build.0 = Debug|Any CPU
		{CFE5CF74-CA5A-4DF0-ACC4-2F80F2F676A4}.Debug|x64.ActiveCfg = Debug|Any CPU
		{CFE5CF74-CA5A-4DF0-ACC4-2F80F2F676A4}.Debug|x64.Build.0 = Debug|Any CPU
		{CFE5CF74-CA5A-4DF0-ACC4-2F80F2F676A4}.Debug|x86.ActiveCfg = Debug|Any CPU
		{CFE5CF74-CA5A-4DF0-ACC4-2F80F2F676A4}.Debug|x86.Build.0 = Debug|Any CPU
		{CFE5CF74-CA5A-4DF0-ACC4-2F80F2F676A4}.Release|Any CPU.ActiveCfg = Release|Any CPU
		{CFE5CF74-CA5A-4DF0-ACC4-2F80F2F676A4}.Release|Any CPU.Build.0 = Release|Any CPU
		{CFE5CF74-CA5A-4DF0-ACC4-2F80F2F676A4}.Release|ARM.ActiveCfg = Release|Any CPU
		{CFE5CF74-CA5A-4DF0-ACC4-2F80F2F676A4}.Release|ARM.Build.0 = Release|Any CPU
		{CFE5CF74-CA5A-4DF0-ACC4-2F80F2F676A4}.Release|iPhone.ActiveCfg = Release|Any CPU
		{CFE5CF74-CA5A-4DF0-ACC4-2F80F2F676A4}.Release|iPhone.Build.0 = Release|Any CPU
		{CFE5CF74-CA5A-4DF0-ACC4-2F80F2F676A4}.Release|iPhoneSimulator.ActiveCfg = Release|Any CPU
		{CFE5CF74-CA5A-4DF0-ACC4-2F80F2F676A4}.Release|iPhoneSimulator.Build.0 = Release|Any CPU
		{CFE5CF74-CA5A-4DF0-ACC4-2F80F2F676A4}.Release|x64.ActiveCfg = Release|Any CPU
		{CFE5CF74-CA5A-4DF0-ACC4-2F80F2F676A4}.Release|x64.Build.0 = Release|Any CPU
		{CFE5CF74-CA5A-4DF0-ACC4-2F80F2F676A4}.Release|x86.ActiveCfg = Release|Any CPU
		{CFE5CF74-CA5A-4DF0-ACC4-2F80F2F676A4}.Release|x86.Build.0 = Release|Any CPU
		{256CA0FF-8EE2-4774-8222-F9C922D04A75}.Debug|Any CPU.ActiveCfg = Debug|Any CPU
		{256CA0FF-8EE2-4774-8222-F9C922D04A75}.Debug|Any CPU.Build.0 = Debug|Any CPU
		{256CA0FF-8EE2-4774-8222-F9C922D04A75}.Debug|ARM.ActiveCfg = Debug|Any CPU
		{256CA0FF-8EE2-4774-8222-F9C922D04A75}.Debug|ARM.Build.0 = Debug|Any CPU
		{256CA0FF-8EE2-4774-8222-F9C922D04A75}.Debug|iPhone.ActiveCfg = Debug|Any CPU
		{256CA0FF-8EE2-4774-8222-F9C922D04A75}.Debug|iPhone.Build.0 = Debug|Any CPU
		{256CA0FF-8EE2-4774-8222-F9C922D04A75}.Debug|iPhoneSimulator.ActiveCfg = Debug|Any CPU
		{256CA0FF-8EE2-4774-8222-F9C922D04A75}.Debug|iPhoneSimulator.Build.0 = Debug|Any CPU
		{256CA0FF-8EE2-4774-8222-F9C922D04A75}.Debug|x64.ActiveCfg = Debug|Any CPU
		{256CA0FF-8EE2-4774-8222-F9C922D04A75}.Debug|x64.Build.0 = Debug|Any CPU
		{256CA0FF-8EE2-4774-8222-F9C922D04A75}.Debug|x86.ActiveCfg = Debug|Any CPU
		{256CA0FF-8EE2-4774-8222-F9C922D04A75}.Debug|x86.Build.0 = Debug|Any CPU
		{256CA0FF-8EE2-4774-8222-F9C922D04A75}.Release|Any CPU.ActiveCfg = Release|Any CPU
		{256CA0FF-8EE2-4774-8222-F9C922D04A75}.Release|Any CPU.Build.0 = Release|Any CPU
		{256CA0FF-8EE2-4774-8222-F9C922D04A75}.Release|ARM.ActiveCfg = Release|Any CPU
		{256CA0FF-8EE2-4774-8222-F9C922D04A75}.Release|ARM.Build.0 = Release|Any CPU
		{256CA0FF-8EE2-4774-8222-F9C922D04A75}.Release|iPhone.ActiveCfg = Release|Any CPU
		{256CA0FF-8EE2-4774-8222-F9C922D04A75}.Release|iPhone.Build.0 = Release|Any CPU
		{256CA0FF-8EE2-4774-8222-F9C922D04A75}.Release|iPhoneSimulator.ActiveCfg = Release|Any CPU
		{256CA0FF-8EE2-4774-8222-F9C922D04A75}.Release|iPhoneSimulator.Build.0 = Release|Any CPU
		{256CA0FF-8EE2-4774-8222-F9C922D04A75}.Release|x64.ActiveCfg = Release|Any CPU
		{256CA0FF-8EE2-4774-8222-F9C922D04A75}.Release|x64.Build.0 = Release|Any CPU
		{256CA0FF-8EE2-4774-8222-F9C922D04A75}.Release|x86.ActiveCfg = Release|Any CPU
		{256CA0FF-8EE2-4774-8222-F9C922D04A75}.Release|x86.Build.0 = Release|Any CPU
		{CBBB0D12-B6FF-4BBB-BCEF-25607041482B}.Debug|Any CPU.ActiveCfg = Debug|Any CPU
		{CBBB0D12-B6FF-4BBB-BCEF-25607041482B}.Debug|Any CPU.Build.0 = Debug|Any CPU
		{CBBB0D12-B6FF-4BBB-BCEF-25607041482B}.Debug|ARM.ActiveCfg = Debug|Any CPU
		{CBBB0D12-B6FF-4BBB-BCEF-25607041482B}.Debug|ARM.Build.0 = Debug|Any CPU
		{CBBB0D12-B6FF-4BBB-BCEF-25607041482B}.Debug|iPhone.ActiveCfg = Debug|Any CPU
		{CBBB0D12-B6FF-4BBB-BCEF-25607041482B}.Debug|iPhone.Build.0 = Debug|Any CPU
		{CBBB0D12-B6FF-4BBB-BCEF-25607041482B}.Debug|iPhoneSimulator.ActiveCfg = Debug|Any CPU
		{CBBB0D12-B6FF-4BBB-BCEF-25607041482B}.Debug|iPhoneSimulator.Build.0 = Debug|Any CPU
		{CBBB0D12-B6FF-4BBB-BCEF-25607041482B}.Debug|x64.ActiveCfg = Debug|Any CPU
		{CBBB0D12-B6FF-4BBB-BCEF-25607041482B}.Debug|x64.Build.0 = Debug|Any CPU
		{CBBB0D12-B6FF-4BBB-BCEF-25607041482B}.Debug|x86.ActiveCfg = Debug|Any CPU
		{CBBB0D12-B6FF-4BBB-BCEF-25607041482B}.Debug|x86.Build.0 = Debug|Any CPU
		{CBBB0D12-B6FF-4BBB-BCEF-25607041482B}.Release|Any CPU.ActiveCfg = Release|Any CPU
		{CBBB0D12-B6FF-4BBB-BCEF-25607041482B}.Release|Any CPU.Build.0 = Release|Any CPU
		{CBBB0D12-B6FF-4BBB-BCEF-25607041482B}.Release|ARM.ActiveCfg = Release|Any CPU
		{CBBB0D12-B6FF-4BBB-BCEF-25607041482B}.Release|ARM.Build.0 = Release|Any CPU
		{CBBB0D12-B6FF-4BBB-BCEF-25607041482B}.Release|iPhone.ActiveCfg = Release|Any CPU
		{CBBB0D12-B6FF-4BBB-BCEF-25607041482B}.Release|iPhone.Build.0 = Release|Any CPU
		{CBBB0D12-B6FF-4BBB-BCEF-25607041482B}.Release|iPhoneSimulator.ActiveCfg = Release|Any CPU
		{CBBB0D12-B6FF-4BBB-BCEF-25607041482B}.Release|iPhoneSimulator.Build.0 = Release|Any CPU
		{CBBB0D12-B6FF-4BBB-BCEF-25607041482B}.Release|x64.ActiveCfg = Release|Any CPU
		{CBBB0D12-B6FF-4BBB-BCEF-25607041482B}.Release|x64.Build.0 = Release|Any CPU
		{CBBB0D12-B6FF-4BBB-BCEF-25607041482B}.Release|x86.ActiveCfg = Release|Any CPU
		{CBBB0D12-B6FF-4BBB-BCEF-25607041482B}.Release|x86.Build.0 = Release|Any CPU
		{37F9F8D6-E8E8-4C41-8A84-A042A5AA4C67}.Debug|Any CPU.ActiveCfg = Debug|Any CPU
		{37F9F8D6-E8E8-4C41-8A84-A042A5AA4C67}.Debug|Any CPU.Build.0 = Debug|Any CPU
		{37F9F8D6-E8E8-4C41-8A84-A042A5AA4C67}.Debug|ARM.ActiveCfg = Debug|Any CPU
		{37F9F8D6-E8E8-4C41-8A84-A042A5AA4C67}.Debug|ARM.Build.0 = Debug|Any CPU
		{37F9F8D6-E8E8-4C41-8A84-A042A5AA4C67}.Debug|iPhone.ActiveCfg = Debug|Any CPU
		{37F9F8D6-E8E8-4C41-8A84-A042A5AA4C67}.Debug|iPhone.Build.0 = Debug|Any CPU
		{37F9F8D6-E8E8-4C41-8A84-A042A5AA4C67}.Debug|iPhoneSimulator.ActiveCfg = Debug|Any CPU
		{37F9F8D6-E8E8-4C41-8A84-A042A5AA4C67}.Debug|iPhoneSimulator.Build.0 = Debug|Any CPU
		{37F9F8D6-E8E8-4C41-8A84-A042A5AA4C67}.Debug|x64.ActiveCfg = Debug|Any CPU
		{37F9F8D6-E8E8-4C41-8A84-A042A5AA4C67}.Debug|x64.Build.0 = Debug|Any CPU
		{37F9F8D6-E8E8-4C41-8A84-A042A5AA4C67}.Debug|x86.ActiveCfg = Debug|Any CPU
		{37F9F8D6-E8E8-4C41-8A84-A042A5AA4C67}.Debug|x86.Build.0 = Debug|Any CPU
		{37F9F8D6-E8E8-4C41-8A84-A042A5AA4C67}.Release|Any CPU.ActiveCfg = Release|Any CPU
		{37F9F8D6-E8E8-4C41-8A84-A042A5AA4C67}.Release|Any CPU.Build.0 = Release|Any CPU
		{37F9F8D6-E8E8-4C41-8A84-A042A5AA4C67}.Release|ARM.ActiveCfg = Release|Any CPU
		{37F9F8D6-E8E8-4C41-8A84-A042A5AA4C67}.Release|ARM.Build.0 = Release|Any CPU
		{37F9F8D6-E8E8-4C41-8A84-A042A5AA4C67}.Release|iPhone.ActiveCfg = Release|Any CPU
		{37F9F8D6-E8E8-4C41-8A84-A042A5AA4C67}.Release|iPhone.Build.0 = Release|Any CPU
		{37F9F8D6-E8E8-4C41-8A84-A042A5AA4C67}.Release|iPhoneSimulator.ActiveCfg = Release|Any CPU
		{37F9F8D6-E8E8-4C41-8A84-A042A5AA4C67}.Release|iPhoneSimulator.Build.0 = Release|Any CPU
		{37F9F8D6-E8E8-4C41-8A84-A042A5AA4C67}.Release|x64.ActiveCfg = Release|Any CPU
		{37F9F8D6-E8E8-4C41-8A84-A042A5AA4C67}.Release|x64.Build.0 = Release|Any CPU
		{37F9F8D6-E8E8-4C41-8A84-A042A5AA4C67}.Release|x86.ActiveCfg = Release|Any CPU
		{37F9F8D6-E8E8-4C41-8A84-A042A5AA4C67}.Release|x86.Build.0 = Release|Any CPU
		{E7ADBCED-FBED-4C95-B185-8002277B6690}.Debug|Any CPU.ActiveCfg = Debug|Any CPU
		{E7ADBCED-FBED-4C95-B185-8002277B6690}.Debug|Any CPU.Build.0 = Debug|Any CPU
		{E7ADBCED-FBED-4C95-B185-8002277B6690}.Debug|ARM.ActiveCfg = Debug|Any CPU
		{E7ADBCED-FBED-4C95-B185-8002277B6690}.Debug|ARM.Build.0 = Debug|Any CPU
		{E7ADBCED-FBED-4C95-B185-8002277B6690}.Debug|iPhone.ActiveCfg = Debug|Any CPU
		{E7ADBCED-FBED-4C95-B185-8002277B6690}.Debug|iPhone.Build.0 = Debug|Any CPU
		{E7ADBCED-FBED-4C95-B185-8002277B6690}.Debug|iPhoneSimulator.ActiveCfg = Debug|Any CPU
		{E7ADBCED-FBED-4C95-B185-8002277B6690}.Debug|iPhoneSimulator.Build.0 = Debug|Any CPU
		{E7ADBCED-FBED-4C95-B185-8002277B6690}.Debug|x64.ActiveCfg = Debug|Any CPU
		{E7ADBCED-FBED-4C95-B185-8002277B6690}.Debug|x64.Build.0 = Debug|Any CPU
		{E7ADBCED-FBED-4C95-B185-8002277B6690}.Debug|x86.ActiveCfg = Debug|Any CPU
		{E7ADBCED-FBED-4C95-B185-8002277B6690}.Debug|x86.Build.0 = Debug|Any CPU
		{E7ADBCED-FBED-4C95-B185-8002277B6690}.Release|Any CPU.ActiveCfg = Release|Any CPU
		{E7ADBCED-FBED-4C95-B185-8002277B6690}.Release|Any CPU.Build.0 = Release|Any CPU
		{E7ADBCED-FBED-4C95-B185-8002277B6690}.Release|ARM.ActiveCfg = Release|Any CPU
		{E7ADBCED-FBED-4C95-B185-8002277B6690}.Release|ARM.Build.0 = Release|Any CPU
		{E7ADBCED-FBED-4C95-B185-8002277B6690}.Release|iPhone.ActiveCfg = Release|Any CPU
		{E7ADBCED-FBED-4C95-B185-8002277B6690}.Release|iPhone.Build.0 = Release|Any CPU
		{E7ADBCED-FBED-4C95-B185-8002277B6690}.Release|iPhoneSimulator.ActiveCfg = Release|Any CPU
		{E7ADBCED-FBED-4C95-B185-8002277B6690}.Release|iPhoneSimulator.Build.0 = Release|Any CPU
		{E7ADBCED-FBED-4C95-B185-8002277B6690}.Release|x64.ActiveCfg = Release|Any CPU
		{E7ADBCED-FBED-4C95-B185-8002277B6690}.Release|x64.Build.0 = Release|Any CPU
		{E7ADBCED-FBED-4C95-B185-8002277B6690}.Release|x86.ActiveCfg = Release|Any CPU
		{E7ADBCED-FBED-4C95-B185-8002277B6690}.Release|x86.Build.0 = Release|Any CPU
	EndGlobalSection
	GlobalSection(SolutionProperties) = preSolution
		HideSolutionNode = FALSE
	EndGlobalSection
	GlobalSection(NestedProjects) = preSolution
		{13555933-042A-4236-B36E-5A974A81EE42} = {E0772EFF-1A2A-466C-83C7-A81D93213336}
		{1426BB67-00C8-4438-866F-B8F8F1F017E8} = {3AF1E581-2ACF-4F42-BC10-12BACF221499}
		{AE82DFE7-FEE5-4A06-B195-95E7E2579306} = {E0772EFF-1A2A-466C-83C7-A81D93213336}
		{6082C42D-7828-4771-86EA-F7DC9623B401} = {42648CDA-16AC-4D09-8480-CA6600A1CF6D}
		{CFE5CF74-CA5A-4DF0-ACC4-2F80F2F676A4} = {3AF1E581-2ACF-4F42-BC10-12BACF221499}
		{256CA0FF-8EE2-4774-8222-F9C922D04A75} = {9B4AF7D2-605C-4E69-901C-CF706E417951}
		{CBBB0D12-B6FF-4BBB-BCEF-25607041482B} = {9B4AF7D2-605C-4E69-901C-CF706E417951}
		{37F9F8D6-E8E8-4C41-8A84-A042A5AA4C67} = {3AF1E581-2ACF-4F42-BC10-12BACF221499}
		{E7ADBCED-FBED-4C95-B185-8002277B6690} = {3AF1E581-2ACF-4F42-BC10-12BACF221499}
	EndGlobalSection
	GlobalSection(ExtensibilityGlobals) = postSolution
		SolutionGuid = {B04BDC4F-181C-461F-BB14-4E7516DB6B4A}
	EndGlobalSection
EndGlobal
